{
  "name": "dubbo-sleuth",
  "version": "0.0.0",
  "lockfileVersion": 1,
  "requires": true,
  "dependencies": {
    "@types/debug": {
      "version": "4.1.2",
      "resolved": "http://registry.npm.taobao.org/@types/debug/download/@types/debug-4.1.2.tgz",
      "integrity": "sha1-hIJOkln8WD3ZOFY1c4NZyVgvf4I=",
      "dev": true
    },
    "@types/js-to-java": {
      "version": "2.4.0",
      "resolved": "https://registry.npmjs.org/@types/js-to-java/-/js-to-java-2.4.0.tgz",
      "integrity": "sha512-HT4poxGS74NpCZAkPKuHnbhXVPavB1kTI8DLpkDcdhIIPk3pvNF4LFZa5wb0XVqFc+6aqLKM5NXZ9QV2lm605Q==",
      "dev": true
    },
    "@types/node": {
      "version": "11.11.4",
      "resolved": "https://registry.npmjs.org/@types/node/-/node-11.11.4.tgz",
      "integrity": "sha512-02tIL+QIi/RW4E5xILdoAMjeJ9kYq5t5S2vciUdFPXv/ikFTb0zK8q9vXkg4+WAJuYXGiVT1H28AkD2C+IkXVw==",
      "dev": true
    },
    "@types/zipkin-context-cls": {
      "version": "0.11.2",
      "resolved": "http://registry.npm.taobao.org/@types/zipkin-context-cls/download/@types/zipkin-context-cls-0.11.2.tgz",
      "integrity": "sha1-V28hHuVB5YCzpJ3I6+TuzgaMCqA=",
      "requires": {
        "zipkin": ">=0.11.0"
      }
    },
    "@types/zipkin-transport-http": {
      "version": "0.11.2",
      "resolved": "http://registry.npm.taobao.org/@types/zipkin-transport-http/download/@types/zipkin-transport-http-0.11.2.tgz",
      "integrity": "sha1-GRw2waJICGpp70f+xQEyZra7lFc=",
      "requires": {
        "zipkin": ">=0.11.0"
      }
    },
    "any-promise": {
      "version": "1.3.0",
      "resolved": "http://registry.npm.taobao.org/any-promise/download/any-promise-1.3.0.tgz",
      "integrity": "sha1-q8av7tzqUugJzcA3au0845Y10X8="
    },
    "async": {
      "version": "0.2.10",
      "resolved": "http://registry.npm.taobao.org/async/download/async-0.2.10.tgz",
      "integrity": "sha1-trvgsGdLnXGXCMo43owjfLUmw9E="
    },
    "async-listener": {
      "version": "0.6.10",
      "resolved": "http://registry.npm.taobao.org/async-listener/download/async-listener-0.6.10.tgz",
      "integrity": "sha1-p8l6vlcLpgLXgic8DeYKUePhfLw=",
      "requires": {
        "semver": "^5.3.0",
        "shimmer": "^1.1.0"
      }
    },
    "balanced-match": {
      "version": "1.0.0",
      "resolved": "http://registry.npm.taobao.org/balanced-match/download/balanced-match-1.0.0.tgz",
      "integrity": "sha1-ibTRmasr7kneFk6gK4nORi1xt2c=",
      "dev": true
    },
    "base64-js": {
      "version": "1.3.0",
      "resolved": "https://registry.npmjs.org/base64-js/-/base64-js-1.3.0.tgz",
      "integrity": "sha512-ccav/yGvoa80BQDljCxsmmQ3Xvx60/UpBIij5QN21W3wBi/hhIC9OoO+KLpu9IJTS9j4DRVJ3aDDF9cMSoa2lw=="
    },
    "brace-expansion": {
      "version": "1.1.11",
      "resolved": "http://registry.npm.taobao.org/brace-expansion/download/brace-expansion-1.1.11.tgz",
      "integrity": "sha1-PH/L9SnYcibz0vUrlm/1Jx60Qd0=",
      "dev": true,
      "requires": {
        "balanced-match": "^1.0.0",
        "concat-map": "0.0.1"
      }
    },
    "byte": {
      "version": "1.4.1",
      "resolved": "http://registry.npm.taobao.org/byte/download/byte-1.4.1.tgz",
      "integrity": "sha1-qAVT0qrlOxhWq1T6d0PgOiDcyUQ=",
      "requires": {
        "debug": "^2.6.6",
        "long": "^3.2.0",
        "utility": "^1.12.0"
      },
      "dependencies": {
        "debug": {
          "version": "2.6.9",
          "resolved": "http://registry.npm.taobao.org/debug/download/debug-2.6.9.tgz",
          "integrity": "sha1-XRKFFd8TT/Mn6QpMk/Tgd6U2NB8=",
          "requires": {
            "ms": "2.0.0"
          }
        }
      }
    },
    "concat-map": {
      "version": "0.0.1",
      "resolved": "http://registry.npm.taobao.org/concat-map/download/concat-map-0.0.1.tgz",
      "integrity": "sha1-2Klr13/Wjfd5OnMDajug1UBdR3s=",
      "dev": true
    },
    "continuation-local-storage": {
      "version": "3.2.1",
      "resolved": "http://registry.npm.taobao.org/continuation-local-storage/download/continuation-local-storage-3.2.1.tgz",
      "integrity": "sha1-EfYT906RT+mzTJKtLSj+auHbf/s=",
      "requires": {
        "async-listener": "^0.6.0",
        "emitter-listener": "^1.1.1"
      }
    },
    "copy-to": {
      "version": "2.0.1",
      "resolved": "http://registry.npm.taobao.org/copy-to/download/copy-to-2.0.1.tgz",
      "integrity": "sha1-JoD7uAaKSNCGVrYJgJK9r8kG9KU="
    },
    "core-util-is": {
      "version": "1.0.2",
      "resolved": "http://registry.npm.taobao.org/core-util-is/download/core-util-is-1.0.2.tgz",
      "integrity": "sha1-tf1UIgqivFq1eqtxQMlAdUUDwac="
    },
    "debug": {
      "version": "4.1.1",
      "resolved": "http://registry.npm.taobao.org/debug/download/debug-4.1.1.tgz",
      "integrity": "sha1-O3ImAlUQnGtYnO4FDx1RYTlmR5E=",
      "requires": {
        "ms": "^2.1.1"
      },
      "dependencies": {
        "ms": {
          "version": "2.1.1",
          "resolved": "http://registry.npm.taobao.org/ms/download/ms-2.1.1.tgz",
          "integrity": "sha1-MKWGTrPrsKZvLr5tcnrwagnYbgo="
        }
      }
    },
    "dubbo2.js": {
      "version": "2.3.8",
      "resolved": "http://registry.npm.taobao.org/dubbo2.js/download/dubbo2.js-2.3.8.tgz",
      "integrity": "sha1-FmZ4rFe3XoOvXQtmHQo5S/np0I4=",
      "requires": {
        "debug": "3.1.0",
        "hessian.js": "2.5.0",
        "ip": "1.1.5",
        "js-to-java": "2.4.0",
        "koa-compose": "4.0.0",
        "node-zookeeper-client": "0.2.2"
      },
      "dependencies": {
        "debug": {
          "version": "3.1.0",
          "resolved": "http://registry.npm.taobao.org/debug/download/debug-3.1.0.tgz",
          "integrity": "sha1-W7WgZyYotkFJVmuhaBnmFRjGcmE=",
          "requires": {
            "ms": "2.0.0"
          }
        }
      }
    },
    "emitter-listener": {
      "version": "1.1.2",
      "resolved": "http://registry.npm.taobao.org/emitter-listener/download/emitter-listener-1.1.2.tgz",
      "integrity": "sha1-VrFA6PaZI3Wz18ssqxzHQy2WMug=",
      "requires": {
        "shimmer": "^1.2.0"
      }
    },
    "escape-html": {
      "version": "1.0.3",
      "resolved": "http://registry.npm.taobao.org/escape-html/download/escape-html-1.0.3.tgz",
      "integrity": "sha1-Aljq5NPQwJdN4cFpGI7wBR0dGYg="
    },
    "extend-shallow": {
      "version": "2.0.1",
      "resolved": "http://registry.npm.taobao.org/extend-shallow/download/extend-shallow-2.0.1.tgz",
      "integrity": "sha1-Ua99YUrZqfYQ6huvu5idaxxWiQ8=",
      "requires": {
        "is-extendable": "^0.1.0"
      }
    },
    "fs.realpath": {
      "version": "1.0.0",
      "resolved": "http://registry.npm.taobao.org/fs.realpath/download/fs.realpath-1.0.0.tgz",
      "integrity": "sha1-FQStJSMVjKpA20onh8sBQRmU6k8=",
      "dev": true
    },
    "glob": {
      "version": "7.1.3",
      "resolved": "http://registry.npm.taobao.org/glob/download/glob-7.1.3.tgz",
      "integrity": "sha1-OWCDLT8VdBCDQtr9OmezMsCWnfE=",
      "dev": true,
      "requires": {
        "fs.realpath": "^1.0.0",
        "inflight": "^1.0.4",
        "inherits": "2",
        "minimatch": "^3.0.4",
        "once": "^1.3.0",
        "path-is-absolute": "^1.0.0"
      }
    },
    "hessian.js": {
      "version": "2.5.0",
      "resolved": "http://registry.npm.taobao.org/hessian.js/download/hessian.js-2.5.0.tgz",
      "integrity": "sha1-2hj2PI0XAuP20ooRNXRN0UIed/4=",
      "requires": {
        "byte": "^1.1.6",
        "debug": "^2.6.8",
        "is-type-of": "^1.1.0",
        "long": "^3.2.0",
        "utility": "^1.12.0"
      },
      "dependencies": {
        "debug": {
          "version": "2.6.9",
          "resolved": "http://registry.npm.taobao.org/debug/download/debug-2.6.9.tgz",
          "integrity": "sha1-XRKFFd8TT/Mn6QpMk/Tgd6U2NB8=",
          "requires": {
            "ms": "2.0.0"
          }
        }
      }
    },
    "inflight": {
      "version": "1.0.6",
      "resolved": "http://registry.npm.taobao.org/inflight/download/inflight-1.0.6.tgz",
      "integrity": "sha1-Sb1jMdfQLQwJvJEKEHW6gWW1bfk=",
      "dev": true,
      "requires": {
        "once": "^1.3.0",
        "wrappy": "1"
      }
    },
    "inherits": {
      "version": "2.0.3",
      "resolved": "http://registry.npm.taobao.org/inherits/download/inherits-2.0.3.tgz",
      "integrity": "sha1-Yzwsg+PaQqUC9SRmAiSA9CCCYd4=",
      "dev": true
    },
    "ip": {
      "version": "1.1.5",
      "resolved": "http://registry.npm.taobao.org/ip/download/ip-1.1.5.tgz",
      "integrity": "sha1-vd7XARQpCCjAoDnnLvJfWq7ENUo="
    },
    "is-class-hotfix": {
      "version": "0.0.6",
      "resolved": "http://registry.npm.taobao.org/is-class-hotfix/download/is-class-hotfix-0.0.6.tgz",
      "integrity": "sha1-pSfTH7IyeSgd3l84XHe13nCnJDU="
    },
    "is-extendable": {
      "version": "0.1.1",
      "resolved": "http://registry.npm.taobao.org/is-extendable/download/is-extendable-0.1.1.tgz",
      "integrity": "sha1-YrEQ4omkcUGOPsNqYX1HLjAd/Ik="
    },
    "is-promise": {
      "version": "2.1.0",
      "resolved": "https://registry.npmjs.org/is-promise/-/is-promise-2.1.0.tgz",
      "integrity": "sha1-eaKp7OfwlugPNtKy87wWwf9L8/o="
    },
    "is-type-of": {
      "version": "1.2.1",
      "resolved": "http://registry.npm.taobao.org/is-type-of/download/is-type-of-1.2.1.tgz",
      "integrity": "sha1-4mPsOFes608oxHEw7HjbCakg+MU=",
      "requires": {
        "core-util-is": "^1.0.2",
        "is-class-hotfix": "~0.0.6",
        "isstream": "~0.1.2"
      }
    },
    "isstream": {
      "version": "0.1.2",
      "resolved": "http://registry.npm.taobao.org/isstream/download/isstream-0.1.2.tgz",
      "integrity": "sha1-R+Y/evVa+m+S4VAOaQ64uFKcCZo="
    },
    "js-to-java": {
      "version": "2.4.0",
      "resolved": "http://registry.npm.taobao.org/js-to-java/download/js-to-java-2.4.0.tgz",
      "integrity": "sha1-snXy3f6y9x5r0MQct0VzGH8gGlA="
    },
    "koa-compose": {
      "version": "4.0.0",
      "resolved": "http://registry.npm.taobao.org/koa-compose/download/koa-compose-4.0.0.tgz",
      "integrity": "sha1-KAClE9nDYe8NY4UrA45Pby1adzw="
    },
    "long": {
      "version": "3.2.0",
      "resolved": "http://registry.npm.taobao.org/long/download/long-3.2.0.tgz",
      "integrity": "sha1-2CG3E4yhy1gcFymQ7xTbIAtcR0s="
    },
    "minimatch": {
      "version": "3.0.4",
      "resolved": "http://registry.npm.taobao.org/minimatch/download/minimatch-3.0.4.tgz",
      "integrity": "sha1-UWbihkV/AzBgZL5Ul+jbsMPTIIM=",
      "dev": true,
      "requires": {
        "brace-expansion": "^1.1.7"
      }
    },
    "minimist": {
      "version": "0.0.8",
      "resolved": "http://registry.npm.taobao.org/minimist/download/minimist-0.0.8.tgz",
      "integrity": "sha1-hX/Kv8M5fSYluCKCYuhqp6ARsF0="
    },
    "mkdirp": {
      "version": "0.5.1",
      "resolved": "http://registry.npm.taobao.org/mkdirp/download/mkdirp-0.5.1.tgz",
      "integrity": "sha1-MAV0OOrGz3+MR2fzhkjWaX11yQM=",
      "requires": {
        "minimist": "0.0.8"
      }
    },
    "ms": {
      "version": "2.0.0",
      "resolved": "http://registry.npm.taobao.org/ms/download/ms-2.0.0.tgz",
      "integrity": "sha1-VgiurfwAvmwpAd9fmGF4jeDVl8g="
    },
    "mz": {
      "version": "2.7.0",
      "resolved": "http://registry.npm.taobao.org/mz/download/mz-2.7.0.tgz",
      "integrity": "sha1-lQCAV6Vsr63CvGPd5/n/aVWUjjI=",
      "requires": {
        "any-promise": "^1.0.0",
        "object-assign": "^4.0.1",
        "thenify-all": "^1.0.0"
      }
    },
    "node-fetch": {
      "version": "2.3.0",
      "resolved": "http://registry.npm.taobao.org/node-fetch/download/node-fetch-2.3.0.tgz",
      "integrity": "sha1-Gh2UC7+5FqHT4CGfA36J5x+MX6U="
    },
    "node-zookeeper-client": {
      "version": "0.2.2",
      "resolved": "http://registry.npm.taobao.org/node-zookeeper-client/download/node-zookeeper-client-0.2.2.tgz",
      "integrity": "sha1-CXvaAZme749gLOBotjJgAGnb9oU=",
      "requires": {
        "async": "~0.2.7",
        "underscore": "~1.4.4"
      }
    },
    "object-assign": {
      "version": "4.1.1",
      "resolved": "http://registry.npm.taobao.org/object-assign/download/object-assign-4.1.1.tgz",
      "integrity": "sha1-IQmtx5ZYh8/AXLvUQsrIv7s2CGM="
    },
    "once": {
      "version": "1.4.0",
      "resolved": "http://registry.npm.taobao.org/once/download/once-1.4.0.tgz",
      "integrity": "sha1-WDsap3WWHUsROsF9nFC6753Xa9E=",
      "dev": true,
      "requires": {
        "wrappy": "1"
      }
    },
    "path-is-absolute": {
      "version": "1.0.1",
      "resolved": "http://registry.npm.taobao.org/path-is-absolute/download/path-is-absolute-1.0.1.tgz",
      "integrity": "sha1-F0uSaHNVNP+8es5r9TpanhtcX18=",
      "dev": true
    },
    "rimraf": {
      "version": "2.6.3",
      "resolved": "http://registry.npm.taobao.org/rimraf/download/rimraf-2.6.3.tgz",
      "integrity": "sha1-stEE/g2Psnz54KHNqCYt04M8bKs=",
      "dev": true,
      "requires": {
        "glob": "^7.1.3"
      }
    },
    "semver": {
      "version": "5.6.0",
      "resolved": "http://registry.npm.taobao.org/semver/download/semver-5.6.0.tgz",
      "integrity": "sha1-fnQlb7qknHWqfHogXMInmcrIAAQ="
    },
    "shimmer": {
      "version": "1.2.1",
      "resolved": "http://registry.npm.taobao.org/shimmer/download/shimmer-1.2.1.tgz",
      "integrity": "sha1-YQhZ994ye1h+/r9QH7QxF/mv8zc="
    },
    "thenify": {
      "version": "3.3.0",
      "resolved": "http://registry.npm.taobao.org/thenify/download/thenify-3.3.0.tgz",
      "integrity": "sha1-5p44obq+lpsBCCB5eLn2K4hgSDk=",
      "requires": {
        "any-promise": "^1.0.0"
      }
    },
    "thenify-all": {
      "version": "1.6.0",
      "resolved": "http://registry.npm.taobao.org/thenify-all/download/thenify-all-1.6.0.tgz",
      "integrity": "sha1-GhkY1ALY/D+Y+/I02wvMjMEOlyY=",
      "requires": {
        "thenify": ">= 3.1.0 < 4"
      }
    },
    "typescript": {
      "version": "3.3.4000",
      "resolved": "http://registry.npm.taobao.org/typescript/download/typescript-3.3.4000.tgz",
      "integrity": "sha1-drD4nP2/l4J+ERLWTyg/EVHWrfA=",
      "dev": true
    },
    "underscore": {
      "version": "1.4.4",
      "resolved": "http://registry.npm.taobao.org/underscore/download/underscore-1.4.4.tgz",
      "integrity": "sha1-YaajIBBiKvoHljvzJSA88SI51gQ="
    },
    "unescape": {
      "version": "1.0.1",
      "resolved": "http://registry.npm.taobao.org/unescape/download/unescape-1.0.1.tgz",
      "integrity": "sha1-lW5DD2HK2KTVfYLFGPXmzF0N2pY=",
      "requires": {
        "extend-shallow": "^2.0.1"
      }
    },
    "utility": {
      "version": "1.15.1",
      "resolved": "http://registry.npm.taobao.org/utility/download/utility-1.15.1.tgz",
      "integrity": "sha1-01m8+ireIbW2rjtptyBCZ2vZQEQ=",
      "requires": {
        "copy-to": "^2.0.1",
        "escape-html": "^1.0.3",
        "mkdirp": "^0.5.1",
        "mz": "^2.7.0",
        "unescape": "^1.0.1"
      }
    },
    "wrappy": {
      "version": "1.0.2",
      "resolved": "http://registry.npm.taobao.org/wrappy/download/wrappy-1.0.2.tgz",
      "integrity": "sha1-tSQ9jz7BqjXxNkYFvA0QNuMKtp8=",
      "dev": true
    },
    "zipkin": {
      "version": "0.16.2",
      "resolved": "https://registry.npmjs.org/zipkin/-/zipkin-0.16.2.tgz",
      "integrity": "sha512-PY9gjX+teDFe339mNuIbC5LLB1zBYZ0MK+A1DelOxSMaBIHlDeAwj/wjMcVpoq9X3zS2NpMGohh/6VHeSOpYLQ==",
      "requires": {
        "base64-js": "^1.1.2",
        "is-promise": "^2.1.0"
      }
    },
    "zipkin-context-cls": {
      "version": "0.16.0",
      "resolved": "http://registry.npm.taobao.org/zipkin-context-cls/download/zipkin-context-cls-0.16.0.tgz",
      "integrity": "sha1-DzcWNbZUom7TwOQAiTccOtuL/8c=",
      "requires": {
        "continuation-local-storage": "^3.1.7"
      }
    },
    "zipkin-transport-http": {
      "version": "0.16.2",
      "resolved": "http://registry.npm.taobao.org/zipkin-transport-http/download/zipkin-transport-http-0.16.2.tgz",
      "integrity": "sha1-7+um7Q9K9Z3hQd1so9yfdkCjg3U=",
      "requires": {
        "node-fetch": "^2.3.0"
      }
    }
  }
}
