{
	"name": "node-sleuth",
	"version": "0.0.0",
	"lockfileVersion": 1,
	"requires": true,
	"dependencies": {
		"@types/accepts": {
			"version": "1.3.5",
			"resolved": "https://registry.npm.taobao.org/@types/accepts/download/@types/accepts-1.3.5.tgz",
			"integrity": "sha1-w0vsEVz8dG4E/loFnfTOfns5FXU=",
			"dev": true,
			"requires": {
				"@types/node": "*"
			}
		},
		"@types/body-parser": {
			"version": "1.17.0",
			"resolved": "https://registry.npm.taobao.org/@types/body-parser/download/@types/body-parser-1.17.0.tgz",
			"integrity": "sha1-n1ydm9BLtUvjLV65/A2Ml05s9Yw=",
			"dev": true,
			"requires": {
				"@types/connect": "*",
				"@types/node": "*"
			}
		},
		"@types/connect": {
			"version": "3.4.32",
			"resolved": "https://registry.npm.taobao.org/@types/connect/download/@types/connect-3.4.32.tgz",
			"integrity": "sha1-qg6WFrlDXMrQK8UrW0VP/Cxwuig=",
			"dev": true,
			"requires": {
				"@types/node": "*"
			}
		},
		"@types/cookies": {
			"version": "0.7.2",
			"resolved": "https://registry.npm.taobao.org/@types/cookies/download/@types/cookies-0.7.2.tgz",
			"integrity": "sha1-XgVg1G7ZmYCC3OeZrxBY3WpJeAo=",
			"dev": true,
			"requires": {
				"@types/connect": "*",
				"@types/express": "*",
				"@types/keygrip": "*",
				"@types/node": "*"
			}
		},
		"@types/debug": {
			"version": "4.1.4",
			"resolved": "https://registry.npm.taobao.org/@types/debug/download/@types/debug-4.1.4.tgz",
			"integrity": "sha1-Vu7Edwbw/Qt8aU6uLzFy5rC3ado=",
			"dev": true
		},
		"@types/express": {
			"version": "4.17.0",
			"resolved": "https://registry.npm.taobao.org/@types/express/download/@types/express-4.17.0.tgz",
			"integrity": "sha1-SertsglYKobxLtm3JRYPEtBO8oc=",
			"dev": true,
			"requires": {
				"@types/body-parser": "*",
				"@types/express-serve-static-core": "*",
				"@types/serve-static": "*"
			}
		},
		"@types/express-serve-static-core": {
			"version": "4.16.7",
			"resolved": "https://registry.npm.taobao.org/@types/express-serve-static-core/download/@types/express-serve-static-core-4.16.7.tgz",
			"integrity": "sha1-ULpvimkcCKPdn6f7ol7zEz0pgEk=",
			"dev": true,
			"requires": {
				"@types/node": "*",
				"@types/range-parser": "*"
			}
		},
		"@types/http-assert": {
			"version": "1.4.0",
			"resolved": "https://registry.npm.taobao.org/@types/http-assert/download/@types/http-assert-1.4.0.tgz",
			"integrity": "sha1-QdFzRm45bpmhTXX3FgzJl/L57Ys=",
			"dev": true
		},
		"@types/keygrip": {
			"version": "1.0.1",
			"resolved": "https://registry.npm.taobao.org/@types/keygrip/download/@types/keygrip-1.0.1.tgz",
			"integrity": "sha1-/1QEYtL7TQqIRBzq8n0oewHD2Hg=",
			"dev": true
		},
		"@types/koa": {
			"version": "2.0.48",
			"resolved": "https://registry.npm.taobao.org/@types/koa/download/@types/koa-2.0.48.tgz",
			"integrity": "sha1-KRYngwKdPl34tYxV9r8NNfePw58=",
			"dev": true,
			"requires": {
				"@types/accepts": "*",
				"@types/cookies": "*",
				"@types/http-assert": "*",
				"@types/keygrip": "*",
				"@types/koa-compose": "*",
				"@types/node": "*"
			}
		},
		"@types/koa-compose": {
			"version": "3.2.4",
			"resolved": "https://registry.npm.taobao.org/@types/koa-compose/download/@types/koa-compose-3.2.4.tgz",
			"integrity": "sha1-dqRhY0pZw+E0SYMXCLubNV+xVI4=",
			"dev": true,
			"requires": {
				"@types/koa": "*"
			}
		},
		"@types/mime": {
			"version": "2.0.1",
			"resolved": "https://registry.npm.taobao.org/@types/mime/download/@types/mime-2.0.1.tgz",
			"integrity": "sha1-3EiIQjEqfwdRSTEpBbXjwLBUx50=",
			"dev": true
		},
		"@types/node": {
			"version": "12.0.8",
			"resolved": "https://registry.npm.taobao.org/@types/node/download/@types/node-12.0.8.tgz",
			"integrity": "sha1-VRRmvhGyrcPz1HFWdY9hC9n2sdg=",
			"dev": true
		},
		"@types/range-parser": {
			"version": "1.2.3",
			"resolved": "https://registry.npm.taobao.org/@types/range-parser/download/@types/range-parser-1.2.3.tgz",
			"integrity": "sha1-fuMwunyq+5gJC+zoal7kQRWQTCw=",
			"dev": true
		},
		"@types/serve-static": {
			"version": "1.13.2",
			"resolved": "https://registry.npm.taobao.org/@types/serve-static/download/@types/serve-static-1.13.2.tgz",
			"integrity": "sha1-9axNemQgqZpqRa9HGfTc2M2Qekg=",
			"dev": true,
			"requires": {
				"@types/express-serve-static-core": "*",
				"@types/mime": "*"
			}
		},
		"@types/zipkin-context-cls": {
			"version": "0.11.2",
			"resolved": "https://registry.npm.taobao.org/@types/zipkin-context-cls/download/@types/zipkin-context-cls-0.11.2.tgz",
			"integrity": "sha1-V28hHuVB5YCzpJ3I6+TuzgaMCqA=",
			"dev": true,
			"requires": {
				"zipkin": ">=0.11.0"
			}
		},
		"@types/zipkin-transport-http": {
			"version": "0.11.2",
			"resolved": "https://registry.npm.taobao.org/@types/zipkin-transport-http/download/@types/zipkin-transport-http-0.11.2.tgz",
			"integrity": "sha1-GRw2waJICGpp70f+xQEyZra7lFc=",
			"dev": true,
			"requires": {
				"zipkin": ">=0.11.0"
			}
		},
		"async-listener": {
			"version": "0.6.10",
			"resolved": "https://registry.npm.taobao.org/async-listener/download/async-listener-0.6.10.tgz",
			"integrity": "sha1-p8l6vlcLpgLXgic8DeYKUePhfLw=",
			"requires": {
				"semver": "^5.3.0",
				"shimmer": "^1.1.0"
			}
		},
		"balanced-match": {
			"version": "1.0.0",
			"resolved": "https://registry.npm.taobao.org/balanced-match/download/balanced-match-1.0.0.tgz",
			"integrity": "sha1-ibTRmasr7kneFk6gK4nORi1xt2c=",
			"dev": true
		},
		"base64-js": {
			"version": "1.3.0",
			"resolved": "https://registry.npm.taobao.org/base64-js/download/base64-js-1.3.0.tgz",
			"integrity": "sha1-yrHmEY8FEJXli1KBrqjBzSK/wOM="
		},
		"brace-expansion": {
			"version": "1.1.11",
			"resolved": "https://registry.npm.taobao.org/brace-expansion/download/brace-expansion-1.1.11.tgz",
			"integrity": "sha1-PH/L9SnYcibz0vUrlm/1Jx60Qd0=",
			"dev": true,
			"requires": {
				"balanced-match": "^1.0.0",
				"concat-map": "0.0.1"
			}
		},
		"concat-map": {
			"version": "0.0.1",
			"resolved": "https://registry.npm.taobao.org/concat-map/download/concat-map-0.0.1.tgz",
			"integrity": "sha1-2Klr13/Wjfd5OnMDajug1UBdR3s=",
			"dev": true
		},
		"continuation-local-storage": {
			"version": "3.2.1",
			"resolved": "https://registry.npm.taobao.org/continuation-local-storage/download/continuation-local-storage-3.2.1.tgz",
			"integrity": "sha1-EfYT906RT+mzTJKtLSj+auHbf/s=",
			"requires": {
				"async-listener": "^0.6.0",
				"emitter-listener": "^1.1.1"
			}
		},
		"debug": {
			"version": "4.1.1",
			"resolved": "https://registry.npm.taobao.org/debug/download/debug-4.1.1.tgz?cache=0&other_urls=https%3A%2F%2Fregistry.npm.taobao.org%2Fdebug%2Fdownload%2Fdebug-4.1.1.tgz",
			"integrity": "sha1-O3ImAlUQnGtYnO4FDx1RYTlmR5E=",
			"requires": {
				"ms": "^2.1.1"
			}
		},
		"emitter-listener": {
			"version": "1.1.2",
			"resolved": "https://registry.npm.taobao.org/emitter-listener/download/emitter-listener-1.1.2.tgz",
			"integrity": "sha1-VrFA6PaZI3Wz18ssqxzHQy2WMug=",
			"requires": {
				"shimmer": "^1.2.0"
			}
		},
		"fs.realpath": {
			"version": "1.0.0",
			"resolved": "https://registry.npm.taobao.org/fs.realpath/download/fs.realpath-1.0.0.tgz",
			"integrity": "sha1-FQStJSMVjKpA20onh8sBQRmU6k8=",
			"dev": true
		},
		"glob": {
			"version": "7.1.4",
			"resolved": "https://registry.npm.taobao.org/glob/download/glob-7.1.4.tgz",
			"integrity": "sha1-qmCKL2xXetNX4a5aXCbZqNGWklU=",
			"dev": true,
			"requires": {
				"fs.realpath": "^1.0.0",
				"inflight": "^1.0.4",
				"inherits": "2",
				"minimatch": "^3.0.4",
				"once": "^1.3.0",
				"path-is-absolute": "^1.0.0"
			}
		},
		"inflight": {
			"version": "1.0.6",
			"resolved": "https://registry.npm.taobao.org/inflight/download/inflight-1.0.6.tgz",
			"integrity": "sha1-Sb1jMdfQLQwJvJEKEHW6gWW1bfk=",
			"dev": true,
			"requires": {
				"once": "^1.3.0",
				"wrappy": "1"
			}
		},
		"inherits": {
			"version": "2.0.4",
			"resolved": "https://registry.npm.taobao.org/inherits/download/inherits-2.0.4.tgz",
			"integrity": "sha1-D6LGT5MpF8NDOg3tVTY6rjdBa3w=",
			"dev": true
		},
		"is-promise": {
			"version": "2.1.0",
			"resolved": "https://registry.npm.taobao.org/is-promise/download/is-promise-2.1.0.tgz?cache=0&other_urls=https%3A%2F%2Fregistry.npm.taobao.org%2Fis-promise%2Fdownload%2Fis-promise-2.1.0.tgz",
			"integrity": "sha1-eaKp7OfwlugPNtKy87wWwf9L8/o="
		},
		"minimatch": {
			"version": "3.0.4",
			"resolved": "https://registry.npm.taobao.org/minimatch/download/minimatch-3.0.4.tgz",
			"integrity": "sha1-UWbihkV/AzBgZL5Ul+jbsMPTIIM=",
			"dev": true,
			"requires": {
				"brace-expansion": "^1.1.7"
			}
		},
		"ms": {
			"version": "2.1.2",
			"resolved": "https://registry.npm.taobao.org/ms/download/ms-2.1.2.tgz",
			"integrity": "sha1-0J0fNXtEP0kzgqjrPM0YOHKuYAk="
		},
		"node-fetch": {
			"version": "2.6.0",
			"resolved": "https://registry.npm.taobao.org/node-fetch/download/node-fetch-2.6.0.tgz",
			"integrity": "sha1-5jNFY4bUqlWGP2dqerDaqP3ssP0="
		},
		"once": {
			"version": "1.4.0",
			"resolved": "https://registry.npm.taobao.org/once/download/once-1.4.0.tgz",
			"integrity": "sha1-WDsap3WWHUsROsF9nFC6753Xa9E=",
			"dev": true,
			"requires": {
				"wrappy": "1"
			}
		},
		"path-is-absolute": {
			"version": "1.0.1",
			"resolved": "https://registry.npm.taobao.org/path-is-absolute/download/path-is-absolute-1.0.1.tgz",
			"integrity": "sha1-F0uSaHNVNP+8es5r9TpanhtcX18=",
			"dev": true
		},
		"rimraf": {
			"version": "2.6.3",
			"resolved": "https://registry.npm.taobao.org/rimraf/download/rimraf-2.6.3.tgz",
			"integrity": "sha1-stEE/g2Psnz54KHNqCYt04M8bKs=",
			"dev": true,
			"requires": {
				"glob": "^7.1.3"
			}
		},
		"semver": {
			"version": "5.7.0",
			"resolved": "https://registry.npm.taobao.org/semver/download/semver-5.7.0.tgz?cache=0&other_urls=https%3A%2F%2Fregistry.npm.taobao.org%2Fsemver%2Fdownload%2Fsemver-5.7.0.tgz",
			"integrity": "sha1-eQp89v6lRZuslhELKbYEEtyP+Ws="
		},
		"shimmer": {
			"version": "1.2.1",
			"resolved": "https://registry.npm.taobao.org/shimmer/download/shimmer-1.2.1.tgz",
			"integrity": "sha1-YQhZ994ye1h+/r9QH7QxF/mv8zc="
		},
		"typescript": {
			"version": "3.5.2",
			"resolved": "https://registry.npm.taobao.org/typescript/download/typescript-3.5.2.tgz?cache=0&sync_timestamp=1561098334350&other_urls=https%3A%2F%2Fregistry.npm.taobao.org%2Ftypescript%2Fdownload%2Ftypescript-3.5.2.tgz",
			"integrity": "sha1-oJ4dxpvJVRyt8X26EO5Cz1Xl1Ww=",
			"dev": true
		},
		"wrappy": {
			"version": "1.0.2",
			"resolved": "https://registry.npm.taobao.org/wrappy/download/wrappy-1.0.2.tgz",
			"integrity": "sha1-tSQ9jz7BqjXxNkYFvA0QNuMKtp8=",
			"dev": true
		},
		"zipkin": {
			"version": "0.18.1",
			"resolved": "https://registry.npm.taobao.org/zipkin/download/zipkin-0.18.1.tgz",
			"integrity": "sha1-x033NW4eD9TWamSamglmDSmrolM=",
			"requires": {
				"base64-js": "^1.1.2",
				"is-promise": "^2.1.0"
			}
		},
		"zipkin-context-cls": {
			"version": "0.18.0",
			"resolved": "https://registry.npm.taobao.org/zipkin-context-cls/download/zipkin-context-cls-0.18.0.tgz",
			"integrity": "sha1-tOQ7DZeCIykzMke2M1B/KCrqtvw=",
			"requires": {
				"continuation-local-storage": "^3.1.7"
			}
		},
		"zipkin-transport-http": {
			"version": "0.18.1",
			"resolved": "https://registry.npm.taobao.org/zipkin-transport-http/download/zipkin-transport-http-0.18.1.tgz",
			"integrity": "sha1-jdU9gfTdhp6xKAaujhRQFx0ZYws=",
			"requires": {
				"node-fetch": "^2.3.0"
			}
		}
	}
}
