{
	"name": "node-sleuth",
	"version": "1.0.2",
	"lockfileVersion": 1,
	"requires": true,
	"dependencies": {
		"@types/accepts": {
			"version": "1.3.5",
			"resolved": "https://registry.npm.taobao.org/@types/accepts/download/@types/accepts-1.3.5.tgz",
			"integrity": "sha1-w0vsEVz8dG4E/loFnfTOfns5FXU=",
			"dev": true,
			"requires": {
				"@types/node": "*"
			}
		},
		"@types/body-parser": {
			"version": "1.17.0",
			"resolved": "https://registry.npm.taobao.org/@types/body-parser/download/@types/body-parser-1.17.0.tgz",
			"integrity": "sha1-n1ydm9BLtUvjLV65/A2Ml05s9Yw=",
			"dev": true,
			"requires": {
				"@types/connect": "*",
				"@types/node": "*"
			}
		},
		"@types/connect": {
			"version": "3.4.32",
			"resolved": "https://registry.npm.taobao.org/@types/connect/download/@types/connect-3.4.32.tgz",
			"integrity": "sha1-qg6WFrlDXMrQK8UrW0VP/Cxwuig=",
			"dev": true,
			"requires": {
				"@types/node": "*"
			}
		},
		"@types/cookies": {
			"version": "0.7.2",
			"resolved": "https://registry.npm.taobao.org/@types/cookies/download/@types/cookies-0.7.2.tgz",
			"integrity": "sha1-XgVg1G7ZmYCC3OeZrxBY3WpJeAo=",
			"dev": true,
			"requires": {
				"@types/connect": "*",
				"@types/express": "*",
				"@types/keygrip": "*",
				"@types/node": "*"
			}
		},
		"@types/debug": {
			"version": "4.1.4",
			"resolved": "https://registry.npm.taobao.org/@types/debug/download/@types/debug-4.1.4.tgz",
			"integrity": "sha1-Vu7Edwbw/Qt8aU6uLzFy5rC3ado=",
			"dev": true
		},
		"@types/express": {
			"version": "4.17.0",
			"resolved": "https://registry.npm.taobao.org/@types/express/download/@types/express-4.17.0.tgz",
			"integrity": "sha1-SertsglYKobxLtm3JRYPEtBO8oc=",
			"dev": true,
			"requires": {
				"@types/body-parser": "*",
				"@types/express-serve-static-core": "*",
				"@types/serve-static": "*"
			}
		},
		"@types/express-serve-static-core": {
			"version": "4.16.7",
			"resolved": "https://registry.npm.taobao.org/@types/express-serve-static-core/download/@types/express-serve-static-core-4.16.7.tgz",
			"integrity": "sha1-ULpvimkcCKPdn6f7ol7zEz0pgEk=",
			"dev": true,
			"requires": {
				"@types/node": "*",
				"@types/range-parser": "*"
			}
		},
		"@types/http-assert": {
			"version": "1.4.0",
			"resolved": "https://registry.npm.taobao.org/@types/http-assert/download/@types/http-assert-1.4.0.tgz",
			"integrity": "sha1-QdFzRm45bpmhTXX3FgzJl/L57Ys=",
			"dev": true
		},
		"@types/keygrip": {
			"version": "1.0.1",
			"resolved": "https://registry.npm.taobao.org/@types/keygrip/download/@types/keygrip-1.0.1.tgz",
			"integrity": "sha1-/1QEYtL7TQqIRBzq8n0oewHD2Hg=",
			"dev": true
		},
		"@types/koa": {
			"version": "2.0.48",
			"resolved": "https://registry.npm.taobao.org/@types/koa/download/@types/koa-2.0.48.tgz",
			"integrity": "sha1-KRYngwKdPl34tYxV9r8NNfePw58=",
			"dev": true,
			"requires": {
				"@types/accepts": "*",
				"@types/cookies": "*",
				"@types/http-assert": "*",
				"@types/keygrip": "*",
				"@types/koa-compose": "*",
				"@types/node": "*"
			}
		},
		"@types/koa-compose": {
			"version": "3.2.4",
			"resolved": "https://registry.npm.taobao.org/@types/koa-compose/download/@types/koa-compose-3.2.4.tgz",
			"integrity": "sha1-dqRhY0pZw+E0SYMXCLubNV+xVI4=",
			"dev": true,
			"requires": {
				"@types/koa": "*"
			}
		},
		"@types/mime": {
			"version": "2.0.1",
			"resolved": "https://registry.npm.taobao.org/@types/mime/download/@types/mime-2.0.1.tgz",
			"integrity": "sha1-3EiIQjEqfwdRSTEpBbXjwLBUx50=",
			"dev": true
		},
		"@types/node": {
			"version": "12.0.8",
			"resolved": "https://registry.npm.taobao.org/@types/node/download/@types/node-12.0.8.tgz",
			"integrity": "sha1-VRRmvhGyrcPz1HFWdY9hC9n2sdg=",
			"dev": true
		},
		"@types/range-parser": {
			"version": "1.2.3",
			"resolved": "https://registry.npm.taobao.org/@types/range-parser/download/@types/range-parser-1.2.3.tgz",
			"integrity": "sha1-fuMwunyq+5gJC+zoal7kQRWQTCw=",
			"dev": true
		},
		"@types/serve-static": {
			"version": "1.13.2",
			"resolved": "https://registry.npm.taobao.org/@types/serve-static/download/@types/serve-static-1.13.2.tgz",
			"integrity": "sha1-9axNemQgqZpqRa9HGfTc2M2Qekg=",
			"dev": true,
			"requires": {
				"@types/express-serve-static-core": "*",
				"@types/mime": "*"
			}
		},
		"@types/zipkin-context-cls": {
			"version": "0.11.2",
			"resolved": "https://registry.npm.taobao.org/@types/zipkin-context-cls/download/@types/zipkin-context-cls-0.11.2.tgz",
			"integrity": "sha1-V28hHuVB5YCzpJ3I6+TuzgaMCqA=",
			"dev": true,
			"requires": {
				"zipkin": ">=0.11.0"
			}
		},
		"@types/zipkin-transport-http": {
			"version": "0.12.1",
			"resolved": "https://registry.npmjs.org/@types/zipkin-transport-http/-/zipkin-transport-http-0.12.1.tgz",
			"integrity": "sha512-mOkiTpNixgd3Fcd/A3uKPY4JVoVe0G6SzE19rs2AxzmzwztXdYvJ+bCbCdart+ekh7sLA+08tyJjbUSJIiAXNQ==",
			"dev": true,
			"requires": {
				"zipkin-transport-http": "*"
			}
		},
		"async-listener": {
			"version": "0.6.10",
			"resolved": "https://registry.npmjs.org/async-listener/-/async-listener-0.6.10.tgz",
			"integrity": "sha512-gpuo6xOyF4D5DE5WvyqZdPA3NGhiT6Qf07l7DCB0wwDEsLvDIbCr6j9S5aj5Ch96dLace5tXVzWBZkxU/c5ohw==",
			"requires": {
				"semver": "^5.3.0",
				"shimmer": "^1.1.0"
			}
		},
		"balanced-match": {
			"version": "1.0.0",
			"resolved": "https://registry.npm.taobao.org/balanced-match/download/balanced-match-1.0.0.tgz",
			"integrity": "sha1-ibTRmasr7kneFk6gK4nORi1xt2c=",
			"dev": true
		},
		"base64-js": {
			"version": "1.3.1",
			"resolved": "https://registry.npmjs.org/base64-js/-/base64-js-1.3.1.tgz",
			"integrity": "sha512-mLQ4i2QO1ytvGWFWmcngKO//JXAQueZvwEKtjgQFM4jIK0kU+ytMfplL8j+n5mspOfjHwoAg+9yhb7BwAHm36g=="
		},
		"brace-expansion": {
			"version": "1.1.11",
			"resolved": "https://registry.npm.taobao.org/brace-expansion/download/brace-expansion-1.1.11.tgz",
			"integrity": "sha1-PH/L9SnYcibz0vUrlm/1Jx60Qd0=",
			"dev": true,
			"requires": {
				"balanced-match": "^1.0.0",
				"concat-map": "0.0.1"
			}
		},
		"concat-map": {
			"version": "0.0.1",
			"resolved": "https://registry.npm.taobao.org/concat-map/download/concat-map-0.0.1.tgz",
			"integrity": "sha1-2Klr13/Wjfd5OnMDajug1UBdR3s=",
			"dev": true
		},
		"continuation-local-storage": {
			"version": "3.2.1",
			"resolved": "https://registry.npmjs.org/continuation-local-storage/-/continuation-local-storage-3.2.1.tgz",
			"integrity": "sha512-jx44cconVqkCEEyLSKWwkvUXwO561jXMa3LPjTPsm5QR22PA0/mhe33FT4Xb5y74JDvt/Cq+5lm8S8rskLv9ZA==",
			"requires": {
				"async-listener": "^0.6.0",
				"emitter-listener": "^1.1.1"
			}
		},
		"debug": {
			"version": "4.1.1",
			"resolved": "https://registry.npm.taobao.org/debug/download/debug-4.1.1.tgz?cache=0&other_urls=https%3A%2F%2Fregistry.npm.taobao.org%2Fdebug%2Fdownload%2Fdebug-4.1.1.tgz",
			"integrity": "sha1-O3ImAlUQnGtYnO4FDx1RYTlmR5E=",
			"requires": {
				"ms": "^2.1.1"
			}
		},
		"emitter-listener": {
			"version": "1.1.2",
			"resolved": "https://registry.npmjs.org/emitter-listener/-/emitter-listener-1.1.2.tgz",
			"integrity": "sha512-Bt1sBAGFHY9DKY+4/2cV6izcKJUf5T7/gkdmkxzX/qv9CcGH8xSwVRW5mtX03SWJtRTWSOpzCuWN9rBFYZepZQ==",
			"requires": {
				"shimmer": "^1.2.0"
			}
		},
		"fs.realpath": {
			"version": "1.0.0",
			"resolved": "https://registry.npm.taobao.org/fs.realpath/download/fs.realpath-1.0.0.tgz",
			"integrity": "sha1-FQStJSMVjKpA20onh8sBQRmU6k8=",
			"dev": true
		},
		"glob": {
			"version": "7.1.4",
			"resolved": "https://registry.npm.taobao.org/glob/download/glob-7.1.4.tgz",
			"integrity": "sha1-qmCKL2xXetNX4a5aXCbZqNGWklU=",
			"dev": true,
			"requires": {
				"fs.realpath": "^1.0.0",
				"inflight": "^1.0.4",
				"inherits": "2",
				"minimatch": "^3.0.4",
				"once": "^1.3.0",
				"path-is-absolute": "^1.0.0"
			}
		},
		"inflight": {
			"version": "1.0.6",
			"resolved": "https://registry.npm.taobao.org/inflight/download/inflight-1.0.6.tgz",
			"integrity": "sha1-Sb1jMdfQLQwJvJEKEHW6gWW1bfk=",
			"dev": true,
			"requires": {
				"once": "^1.3.0",
				"wrappy": "1"
			}
		},
		"inherits": {
			"version": "2.0.4",
			"resolved": "https://registry.npm.taobao.org/inherits/download/inherits-2.0.4.tgz",
			"integrity": "sha1-D6LGT5MpF8NDOg3tVTY6rjdBa3w=",
			"dev": true
		},
		"is-promise": {
			"version": "2.2.2",
			"resolved": "https://registry.npmjs.org/is-promise/-/is-promise-2.2.2.tgz",
			"integrity": "sha512-+lP4/6lKUBfQjZ2pdxThZvLUAafmZb8OAxFb8XXtiQmS35INgr85hdOGoEs124ez1FCnZJt6jau/T+alh58QFQ=="
		},
		"minimatch": {
			"version": "3.0.4",
			"resolved": "https://registry.npm.taobao.org/minimatch/download/minimatch-3.0.4.tgz",
			"integrity": "sha1-UWbihkV/AzBgZL5Ul+jbsMPTIIM=",
			"dev": true,
			"requires": {
				"brace-expansion": "^1.1.7"
			}
		},
		"ms": {
			"version": "2.1.2",
			"resolved": "https://registry.npm.taobao.org/ms/download/ms-2.1.2.tgz",
			"integrity": "sha1-0J0fNXtEP0kzgqjrPM0YOHKuYAk="
		},
		"once": {
			"version": "1.4.0",
			"resolved": "https://registry.npm.taobao.org/once/download/once-1.4.0.tgz",
			"integrity": "sha1-WDsap3WWHUsROsF9nFC6753Xa9E=",
			"dev": true,
			"requires": {
				"wrappy": "1"
			}
		},
		"path-is-absolute": {
			"version": "1.0.1",
			"resolved": "https://registry.npm.taobao.org/path-is-absolute/download/path-is-absolute-1.0.1.tgz",
			"integrity": "sha1-F0uSaHNVNP+8es5r9TpanhtcX18=",
			"dev": true
		},
		"rimraf": {
			"version": "2.6.3",
			"resolved": "https://registry.npm.taobao.org/rimraf/download/rimraf-2.6.3.tgz",
			"integrity": "sha1-stEE/g2Psnz54KHNqCYt04M8bKs=",
			"dev": true,
			"requires": {
				"glob": "^7.1.3"
			}
		},
		"semver": {
			"version": "5.7.1",
			"resolved": "https://registry.npmjs.org/semver/-/semver-5.7.1.tgz",
			"integrity": "sha512-sauaDf/PZdVgrLTNYHRtpXa1iRiKcaebiKQ1BJdpQlWH2lCvexQdX55snPFyK7QzpudqbCI0qXFfOasHdyNDGQ=="
		},
		"shimmer": {
			"version": "1.2.1",
			"resolved": "https://registry.npmjs.org/shimmer/-/shimmer-1.2.1.tgz",
			"integrity": "sha512-sQTKC1Re/rM6XyFM6fIAGHRPVGvyXfgzIDvzoq608vM+jeyVD0Tu1E6Np0Kc2zAIFWIj963V2800iF/9LPieQw=="
		},
		"typescript": {
			"version": "3.9.7",
			"resolved": "https://registry.npmjs.org/typescript/-/typescript-3.9.7.tgz",
			"integrity": "sha512-BLbiRkiBzAwsjut4x/dsibSTB6yWpwT5qWmC2OfuCg3GgVQCSgMs4vEctYPhsaGtd0AeuuHMkjZ2h2WG8MSzRw==",
			"dev": true
		},
		"wrappy": {
			"version": "1.0.2",
			"resolved": "https://registry.npm.taobao.org/wrappy/download/wrappy-1.0.2.tgz",
			"integrity": "sha1-tSQ9jz7BqjXxNkYFvA0QNuMKtp8=",
			"dev": true
		},
		"zipkin": {
			"version": "0.19.2",
			"resolved": "https://registry.npmjs.org/zipkin/-/zipkin-0.19.2.tgz",
			"integrity": "sha512-nUgb+FGuchirCsUK7IL/pQKwo1QVm7lSnDvjlql7jO1zSPodDqHhCnEs4gy+AXbotPy0niDmjcl/dhIzpFR3+Q==",
			"requires": {
				"base64-js": "^1.1.2",
				"is-promise": "^2.1.0"
			}
		},
		"zipkin-context-cls": {
			"version": "0.19.0",
			"resolved": "https://registry.npmjs.org/zipkin-context-cls/-/zipkin-context-cls-0.19.0.tgz",
			"integrity": "sha512-1rKaV9T/B0msQLdklxZI2iQChG7s7rjffrLe8JvFqG4iYV/UnkKzv2VFFWoT9LvHzI5DLdgK17TmNJWp5jqqdA==",
			"requires": {
				"continuation-local-storage": "^3.1.7"
			}
		},
		"zipkin-transport-http": {
			"version": "0.19.2",
			"resolved": "https://registry.npmjs.org/zipkin-transport-http/-/zipkin-transport-http-0.19.2.tgz",
			"integrity": "sha512-44ySrHXAr42fTYJmHYkSD3Wy246l6C0Lyw6y9MGHRKw74ZEPFE4R7FmpyR4YHzLuRJP0BF4YoaFGjh0x/2B1yw==",
			"requires": {
				"zipkin": "^0.19.2"
			}
		}
	}
}
